
Microsoft Visual Studio Solution File, Format Version 12.00
# Visual Studio Version 17
VisualStudioVersion = 17.13.35931.197
MinimumVisualStudioVersion = 10.0.40219.1
Project("{FAE04EC0-301F-11D3-BF4B-00C04F79EFBC}") = "CyberSecurityBot", "CyberSecurityBot.csproj", "{8B7459B9-A4C4-464C-A1A5-BB62B986C9A6}"
EndProject
Global
	GlobalSection(SolutionConfigurationPlatforms) = preSolution
		Debug|Any CPU = Debug|Any CPU
		Release|Any CPU = Release|Any CPU
	EndGlobalSection
	GlobalSection(ProjectConfigurationPlatforms) = postSolution
		{8B7459B9-A4C4-464C-A1A5-BB62B986C9A6}.Debug|Any CPU.ActiveCfg = Debug|Any CPU
		{8B7459B9-A4C4-464C-A1A5-BB62B986C9A6}.Debug|Any CPU.Build.0 = Debug|Any CPU
		{8B7459B9-A4C4-464C-A1A5-BB62B986C9A6}.Release|Any CPU.ActiveCfg = Release|Any CPU
		{8B7459B9-A4C4-464C-A1A5-BB62B986C9A6}.Release|Any CPU.Build.0 = Release|Any CPU
	EndGlobalSection
	GlobalSection(SolutionProperties) = preSolution
		HideSolutionNode = FALSE
	EndGlobalSection
	GlobalSection(ExtensibilityGlobals) = postSolution
		SolutionGuid = {A0F8FF2C-C0D1-4515-B489-F034AEE18F68}
	EndGlobalSection
EndGlobal
